// !$*UTF8*$!
{
	archiveVersion = 1;
	classes = {
	};
	objectVersion = 48;
	objects = {

/* Begin PBXBuildFile section */
		A13995212016D35D00447313 /* ADHomeViewController.m in Sources */ = {isa = PBXBuildFile; fileRef = A13995202016D35D00447313 /* ADHomeViewController.m */; };
		A13995242016D39F00447313 /* ADHomeDetailViewController.m in Sources */ = {isa = PBXBuildFile; fileRef = A13995232016D39F00447313 /* ADHomeDetailViewController.m */; };
		A1C8F8022011E08A00AD9643 /* AppDelegate.m in Sources */ = {isa = PBXBuildFile; fileRef = A1C8F8012011E08A00AD9643 /* AppDelegate.m */; };
		A1C8F80A2011E08A00AD9643 /* Assets.xcassets in Resources */ = {isa = PBXBuildFile; fileRef = A1C8F8092011E08A00AD9643 /* Assets.xcassets */; };
		A1C8F80D2011E08A00AD9643 /* LaunchScreen.storyboard in Resources */ = {isa = PBXBuildFile; fileRef = A1C8F80B2011E08A00AD9643 /* LaunchScreen.storyboard */; };
		A1C8F8102011E08A00AD9643 /* main.m in Sources */ = {isa = PBXBuildFile; fileRef = A1C8F80F2011E08A00AD9643 /* main.m */; };
		D2A22F4F230EA459275E85E6 /* libPods-ADHome.a in Frameworks */ = {isa = PBXBuildFile; fileRef = 2C115338F61E77025267A0B1 /* libPods-ADHome.a */; };
/* End PBXBuildFile section */

/* Begin PBXFileReference section */
		2C115338F61E77025267A0B1 /* libPods-ADHome.a */ = {isa = PBXFileReference; explicitFileType = archive.ar; includeInIndex = 0; path = "libPods-ADHome.a"; sourceTree = BUILT_PRODUCTS_DIR; };
		3E3B753303237A30A0C46518 /* Pods-ADHome.release.xcconfig */ = {isa = PBXFileReference; includeInIndex = 1; lastKnownFileType = text.xcconfig; name = "Pods-ADHome.release.xcconfig"; path = "Pods/Target Support Files/Pods-ADHome/Pods-ADHome.release.xcconfig"; sourceTree = "<group>"; };
		A139951F2016D35D00447313 /* ADHomeViewController.h */ = {isa = PBXFileReference; lastKnownFileType = sourcecode.c.h; path = ADHomeViewController.h; sourceTree = "<group>"; };
		A13995202016D35D00447313 /* ADHomeViewController.m */ = {isa = PBXFileReference; lastKnownFileType = sourcecode.c.objc; path = ADHomeViewController.m; sourceTree = "<group>"; };
		A13995222016D39F00447313 /* ADHomeDetailViewController.h */ = {isa = PBXFileReference; lastKnownFileType = sourcecode.c.h; path = ADHomeDetailViewController.h; sourceTree = "<group>"; };
		A13995232016D39F00447313 /* ADHomeDetailViewController.m */ = {isa = PBXFileReference; lastKnownFileType = sourcecode.c.objc; path = ADHomeDetailViewController.m; sourceTree = "<group>"; };
		A1C8F7FD2011E08A00AD9643 /* ADHome.app */ = {isa = PBXFileReference; explicitFileType = wrapper.application; includeInIndex = 0; path = ADHome.app; sourceTree = BUILT_PRODUCTS_DIR; };
		A1C8F8002011E08A00AD9643 /* AppDelegate.h */ = {isa = PBXFileReference; lastKnownFileType = sourcecode.c.h; path = AppDelegate.h; sourceTree = "<group>"; };
		A1C8F8012011E08A00AD9643 /* AppDelegate.m */ = {isa = PBXFileReference; lastKnownFileType = sourcecode.c.objc; path = AppDelegate.m; sourceTree = "<group>"; };
		A1C8F8092011E08A00AD9643 /* Assets.xcassets */ = {isa = PBXFileReference; lastKnownFileType = folder.assetcatalog; path = Assets.xcassets; sourceTree = "<group>"; };
		A1C8F80C2011E08A00AD9643 /* Base */ = {isa = PBXFileReference; lastKnownFileType = file.storyboard; name = Base; path = Base.lproj/LaunchScreen.storyboard; sourceTree = "<group>"; };
		A1C8F80E2011E08A00AD9643 /* Info.plist */ = {isa = PBXFileReference; lastKnownFileType = text.plist.xml; path = Info.plist; sourceTree = "<group>"; };
		A1C8F80F2011E08A00AD9643 /* main.m */ = {isa = PBXFileReference; lastKnownFileType = sourcecode.c.objc; path = main.m; sourceTree = "<group>"; };
		F6A77061CFE510DCF137FEB3 /* Pods-ADHome.debug.xcconfig */ = {isa = PBXFileReference; includeInIndex = 1; lastKnownFileType = text.xcconfig; name = "Pods-ADHome.debug.xcconfig"; path = "Pods/Target Support Files/Pods-ADHome/Pods-ADHome.debug.xcconfig"; sourceTree = "<group>"; };
/* End PBXFileReference section */

/* Begin PBXFrameworksBuildPhase section */
		A1C8F7FA2011E08A00AD9643 /* Frameworks */ = {
			isa = PBXFrameworksBuildPhase;
			buildActionMask = 2147483647;
			files = (
				D2A22F4F230EA459275E85E6 /* libPods-ADHome.a in Frameworks */,
			);
			runOnlyForDeploymentPostprocessing = 0;
		};
/* End PBXFrameworksBuildPhase section */

/* Begin PBXGroup section */
		6512E2442551912EB2C91FE0 /* Frameworks */ = {
			isa = PBXGroup;
			children = (
				2C115338F61E77025267A0B1 /* libPods-ADHome.a */,
			);
			name = Frameworks;
			sourceTree = "<group>";
		};
		74708719E351909F8BB24F32 /* Pods */ = {
			isa = PBXGroup;
			children = (
				F6A77061CFE510DCF137FEB3 /* Pods-ADHome.debug.xcconfig */,
				3E3B753303237A30A0C46518 /* Pods-ADHome.release.xcconfig */,
			);
			name = Pods;
			sourceTree = "<group>";
		};
		A1C8F7F42011E08A00AD9643 = {
			isa = PBXGroup;
			children = (
				A1C8F7FF2011E08A00AD9643 /* ADHome */,
				A1C8F7FE2011E08A00AD9643 /* Products */,
				74708719E351909F8BB24F32 /* Pods */,
				6512E2442551912EB2C91FE0 /* Frameworks */,
			);
			sourceTree = "<group>";
		};
		A1C8F7FE2011E08A00AD9643 /* Products */ = {
			isa = PBXGroup;
			children = (
				A1C8F7FD2011E08A00AD9643 /* ADHome.app */,
			);
			name = Products;
			sourceTree = "<group>";
		};
		A1C8F7FF2011E08A00AD9643 /* ADHome */ = {
			isa = PBXGroup;
			children = (
				A1C8F8A02011E9AD00AD9643 /* ADHome */,
				A1C8F8002011E08A00AD9643 /* AppDelegate.h */,
				A1C8F8012011E08A00AD9643 /* AppDelegate.m */,
				A1C8F8092011E08A00AD9643 /* Assets.xcassets */,
				A1C8F80B2011E08A00AD9643 /* LaunchScreen.storyboard */,
				A1C8F80E2011E08A00AD9643 /* Info.plist */,
				A1C8F80F2011E08A00AD9643 /* main.m */,
			);
			path = ADHome;
			sourceTree = "<group>";
		};
		A1C8F8A02011E9AD00AD9643 /* ADHome */ = {
			isa = PBXGroup;
			children = (
				A139951F2016D35D00447313 /* ADHomeViewController.h */,
				A13995202016D35D00447313 /* ADHomeViewController.m */,
				A13995222016D39F00447313 /* ADHomeDetailViewController.h */,
				A13995232016D39F00447313 /* ADHomeDetailViewController.m */,
			);
			path = ADHome;
			sourceTree = "<group>";
		};
/* End PBXGroup section */

/* Begin PBXNativeTarget section */
		A1C8F7FC2011E08A00AD9643 /* ADHome */ = {
			isa = PBXNativeTarget;
			buildConfigurationList = A1C8F8132011E08A00AD9643 /* Build configuration list for PBXNativeTarget "ADHome" */;
			buildPhases = (
				BE9779F1FF834B336AD9F078 /* [CP] Check Pods Manifest.lock */,
				A1C8F7F92011E08A00AD9643 /* Sources */,
				A1C8F7FA2011E08A00AD9643 /* Frameworks */,
				A1C8F7FB2011E08A00AD9643 /* Resources */,
				C67CCFBEA9F7729EE6AA470F /* [CP] Embed Pods Frameworks */,
				0D78D0C110920F66EC35B8AB /* [CP] Copy Pods Resources */,
			);
			buildRules = (
			);
			dependencies = (
			);
			name = ADHome;
			productName = ADHome;
			productReference = A1C8F7FD2011E08A00AD9643 /* ADHome.app */;
			productType = "com.apple.product-type.application";
		};
/* End PBXNativeTarget section */

/* Begin PBXProject section */
		A1C8F7F52011E08A00AD9643 /* Project object */ = {
			isa = PBXProject;
			attributes = {
				LastUpgradeCheck = 0920;
				ORGANIZATIONNAME = Andy;
				TargetAttributes = {
					A1C8F7FC2011E08A00AD9643 = {
						CreatedOnToolsVersion = 9.2;
						ProvisioningStyle = Automatic;
					};
				};
			};
			buildConfigurationList = A1C8F7F82011E08A00AD9643 /* Build configuration list for PBXProject "ADHome" */;
			compatibilityVersion = "Xcode 8.0";
			developmentRegion = en;
			hasScannedForEncodings = 0;
			knownRegions = (
				en,
				Base,
			);
			mainGroup = A1C8F7F42011E08A00AD9643;
			productRefGroup = A1C8F7FE2011E08A00AD9643 /* Products */;
			projectDirPath = "";
			projectRoot = "";
			targets = (
				A1C8F7FC2011E08A00AD9643 /* ADHome */,
			);
		};
/* End PBXProject section */

/* Begin PBXResourcesBuildPhase section */
		A1C8F7FB2011E08A00AD9643 /* Resources */ = {
			isa = PBXResourcesBuildPhase;
			buildActionMask = 2147483647;
			files = (
				A1C8F80D2011E08A00AD9643 /* LaunchScreen.storyboard in Resources */,
				A1C8F80A2011E08A00AD9643 /* Assets.xcassets in Resources */,
			);
			runOnlyForDeploymentPostprocessing = 0;
		};
/* End PBXResourcesBuildPhase section */

/* Begin PBXShellScriptBuildPhase section */
		0D78D0C110920F66EC35B8AB /* [CP] Copy Pods Resources */ = {
			isa = PBXShellScriptBuildPhase;
			buildActionMask = 2147483647;
			files = (
			);
			inputPaths = (
			);
			name = "[CP] Copy Pods Resources";
			outputPaths = (
			);
			runOnlyForDeploymentPostprocessing = 0;
			shellPath = /bin/sh;
			shellScript = "\"${SRCROOT}/Pods/Target Support Files/Pods-ADHome/Pods-ADHome-resources.sh\"\n";
			showEnvVarsInLog = 0;
		};
		BE9779F1FF834B336AD9F078 /* [CP] Check Pods Manifest.lock */ = {
			isa = PBXShellScriptBuildPhase;
			buildActionMask = 2147483647;
			files = (
			);
			inputPaths = (
				"${PODS_PODFILE_DIR_PATH}/Podfile.lock",
				"${PODS_ROOT}/Manifest.lock",
			);
			name = "[CP] Check Pods Manifest.lock";
			outputPaths = (
				"$(DERIVED_FILE_DIR)/Pods-ADHome-checkManifestLockResult.txt",
			);
			runOnlyForDeploymentPostprocessing = 0;
			shellPath = /bin/sh;
			shellScript = "diff \"${PODS_PODFILE_DIR_PATH}/Podfile.lock\" \"${PODS_ROOT}/Manifest.lock\" > /dev/null\nif [ $? != 0 ] ; then\n    # print error to STDERR\n    echo \"error: The sandbox is not in sync with the Podfile.lock. Run 'pod install' or update your CocoaPods installation.\" >&2\n    exit 1\nfi\n# This output is used by Xcode 'outputs' to avoid re-running this script phase.\necho \"SUCCESS\" > \"${SCRIPT_OUTPUT_FILE_0}\"\n";
			showEnvVarsInLog = 0;
		};
		C67CCFBEA9F7729EE6AA470F /* [CP] Embed Pods Frameworks */ = {
			isa = PBXShellScriptBuildPhase;
			buildActionMask = 2147483647;
			files = (
			);
			inputPaths = (
			);
			name = "[CP] Embed Pods Frameworks";
			outputPaths = (
			);
			runOnlyForDeploymentPostprocessing = 0;
			shellPath = /bin/sh;
			shellScript = "\"${SRCROOT}/Pods/Target Support Files/Pods-ADHome/Pods-ADHome-frameworks.sh\"\n";
			showEnvVarsInLog = 0;
		};
/* End PBXShellScriptBuildPhase section */

/* Begin PBXSourcesBuildPhase section */
		A1C8F7F92011E08A00AD9643 /* Sources */ = {
			isa = PBXSourcesBuildPhase;
			buildActionMask = 2147483647;
			files = (
				A1C8F8102011E08A00AD9643 /* main.m in Sources */,
				A13995212016D35D00447313 /* ADHomeViewController.m in Sources */,
				A13995242016D39F00447313 /* ADHomeDetailViewController.m in Sources */,
				A1C8F8022011E08A00AD9643 /* AppDelegate.m in Sources */,
			);
			runOnlyForDeploymentPostprocessing = 0;
		};
/* End PBXSourcesBuildPhase section */

/* Begin PBXVariantGroup section */
		A1C8F80B2011E08A00AD9643 /* LaunchScreen.storyboard */ = {
			isa = PBXVariantGroup;
			children = (
				A1C8F80C2011E08A00AD9643 /* Base */,
			);
			name = LaunchScreen.storyboard;
			sourceTree = "<group>";
		};
/* End PBXVariantGroup section */

/* Begin XCBuildConfiguration section */
		A1C8F8112011E08A00AD9643 /* Debug */ = {
			isa = XCBuildConfiguration;
			buildSettings = {
				ALWAYS_SEARCH_USER_PATHS = NO;
				CLANG_ANALYZER_NONNULL = YES;
				CLANG_ANALYZER_NUMBER_OBJECT_CONVERSION = YES_AGGRESSIVE;
				CLANG_CXX_LANGUAGE_STANDARD = "gnu++14";
				CLANG_CXX_LIBRARY = "libc++";
				CLANG_ENABLE_MODULES = YES;
				CLANG_ENABLE_OBJC_ARC = YES;
				CLANG_WARN_BLOCK_CAPTURE_AUTORELEASING = YES;
				CLANG_WARN_BOOL_CONVERSION = YES;
				CLANG_WARN_COMMA = YES;
				CLANG_WARN_CONSTANT_CONVERSION = YES;
				CLANG_WARN_DIRECT_OBJC_ISA_USAGE = YES_ERROR;
				CLANG_WARN_DOCUMENTATION_COMMENTS = YES;
				CLANG_WARN_EMPTY_BODY = YES;
				CLANG_WARN_ENUM_CONVERSION = YES;
				CLANG_WARN_INFINITE_RECURSION = YES;
				CLANG_WARN_INT_CONVERSION = YES;
				CLANG_WARN_NON_LITERAL_NULL_CONVERSION = YES;
				CLANG_WARN_OBJC_LITERAL_CONVERSION = YES;
				CLANG_WARN_OBJC_ROOT_CLASS = YES_ERROR;
				CLANG_WARN_RANGE_LOOP_ANALYSIS = YES;
				CLANG_WARN_STRICT_PROTOTYPES = YES;
				CLANG_WARN_SUSPICIOUS_MOVE = YES;
				CLANG_WARN_UNGUARDED_AVAILABILITY = YES_AGGRESSIVE;
				CLANG_WARN_UNREACHABLE_CODE = YES;
				CLANG_WARN__DUPLICATE_METHOD_MATCH = YES;
				CODE_SIGN_IDENTITY = "iPhone Developer";
				COPY_PHASE_STRIP = NO;
				DEBUG_INFORMATION_FORMAT = dwarf;
				ENABLE_STRICT_OBJC_MSGSEND = YES;
				ENABLE_TESTABILITY = YES;
				GCC_C_LANGUAGE_STANDARD = gnu11;
				GCC_DYNAMIC_NO_PIC = NO;
				GCC_NO_COMMON_BLOCKS = YES;
				GCC_OPTIMIZATION_LEVEL = 0;
				GCC_PREPROCESSOR_DEFINITIONS = (
					"DEBUG=1",
					"$(inherited)",
				);
				GCC_WARN_64_TO_32_BIT_CONVERSION = YES;
				GCC_WARN_ABOUT_RETURN_TYPE = YES_ERROR;
				GCC_WARN_UNDECLARED_SELECTOR = YES;
				GCC_WARN_UNINITIALIZED_AUTOS = YES_AGGRESSIVE;
				GCC_WARN_UNUSED_FUNCTION = YES;
				GCC_WARN_UNUSED_VARIABLE = YES;
				IPHONEOS_DEPLOYMENT_TARGET = 11.2;
				MTL_ENABLE_DEBUG_INFO = YES;
				ONLY_ACTIVE_ARCH = YES;
				SDKROOT = iphoneos;
			};
			name = Debug;
		};
		A1C8F8122011E08A00AD9643 /* Release */ = {
			isa = XCBuildConfiguration;
			buildSettings = {
				ALWAYS_SEARCH_USER_PATHS = NO;
				CLANG_ANALYZER_NONNULL = YES;
				CLANG_ANALYZER_NUMBER_OBJECT_CONVERSION = YES_AGGRESSIVE;
				CLANG_CXX_LANGUAGE_STANDARD = "gnu++14";
				CLANG_CXX_LIBRARY = "libc++";
				CLANG_ENABLE_MODULES = YES;
				CLANG_ENABLE_OBJC_ARC = YES;
				CLANG_WARN_BLOCK_CAPTURE_AUTORELEASING = YES;
				CLANG_WARN_BOOL_CONVERSION = YES;
				CLANG_WARN_COMMA = YES;
				CLANG_WARN_CONSTANT_CONVERSION = YES;
				CLANG_WARN_DIRECT_OBJC_ISA_USAGE = YES_ERROR;
				CLANG_WARN_DOCUMENTATION_COMMENTS = YES;
				CLANG_WARN_EMPTY_BODY = YES;
				CLANG_WARN_ENUM_CONVERSION = YES;
				CLANG_WARN_INFINITE_RECURSION = YES;
				CLANG_WARN_INT_CONVERSION = YES;
				CLANG_WARN_NON_LITERAL_NULL_CONVERSION = YES;
				CLANG_WARN_OBJC_LITERAL_CONVERSION = YES;
				CLANG_WARN_OBJC_ROOT_CLASS = YES_ERROR;
				CLANG_WARN_RANGE_LOOP_ANALYSIS = YES;
				CLANG_WARN_STRICT_PROTOTYPES = YES;
				CLANG_WARN_SUSPICIOUS_MOVE = YES;
				CLANG_WARN_UNGUARDED_AVAILABILITY = YES_AGGRESSIVE;
				CLANG_WARN_UNREACHABLE_CODE = YES;
				CLANG_WARN__DUPLICATE_METHOD_MATCH = YES;
				CODE_SIGN_IDENTITY = "iPhone Developer";
				COPY_PHASE_STRIP = NO;
				DEBUG_INFORMATION_FORMAT = "dwarf-with-dsym";
				ENABLE_NS_ASSERTIONS = NO;
				ENABLE_STRICT_OBJC_MSGSEND = YES;
				GCC_C_LANGUAGE_STANDARD = gnu11;
				GCC_NO_COMMON_BLOCKS = YES;
				GCC_WARN_64_TO_32_BIT_CONVERSION = YES;
				GCC_WARN_ABOUT_RETURN_TYPE = YES_ERROR;
				GCC_WARN_UNDECLARED_SELECTOR = YES;
				GCC_WARN_UNINITIALIZED_AUTOS = YES_AGGRESSIVE;
				GCC_WARN_UNUSED_FUNCTION = YES;
				GCC_WARN_UNUSED_VARIABLE = YES;
				IPHONEOS_DEPLOYMENT_TARGET = 11.2;
				MTL_ENABLE_DEBUG_INFO = NO;
				SDKROOT = iphoneos;
				VALIDATE_PRODUCT = YES;
			};
			name = Release;
		};
		A1C8F8142011E08A00AD9643 /* Debug */ = {
			isa = XCBuildConfiguration;
			baseConfigurationReference = F6A77061CFE510DCF137FEB3 /* Pods-ADHome.debug.xcconfig */;
			buildSettings = {
				ASSETCATALOG_COMPILER_APPICON_NAME = AppIcon;
				CODE_SIGN_STYLE = Automatic;
				DEVELOPMENT_TEAM = T58F77STV4;
				INFOPLIST_FILE = ADHome/Info.plist;
				LD_RUNPATH_SEARCH_PATHS = "$(inherited) @executable_path/Frameworks";
				PRODUCT_BUNDLE_IDENTIFIER = Andy.ADHome;
				PRODUCT_NAME = "$(TARGET_NAME)";
				TARGETED_DEVICE_FAMILY = "1,2";
			};
			name = Debug;
		};
		A1C8F8152011E08A00AD9643 /* Release */ = {
			isa = XCBuildConfiguration;
			baseConfigurationReference = 3E3B753303237A30A0C46518 /* Pods-ADHome.release.xcconfig */;
			buildSettings = {
				ASSETCATALOG_COMPILER_APPICON_NAME = AppIcon;
				CODE_SIGN_STYLE = Automatic;
				DEVELOPMENT_TEAM = T58F77STV4;
				INFOPLIST_FILE = ADHome/Info.plist;
				LD_RUNPATH_SEARCH_PATHS = "$(inherited) @executable_path/Frameworks";
				PRODUCT_BUNDLE_IDENTIFIER = Andy.ADHome;
				PRODUCT_NAME = "$(TARGET_NAME)";
				TARGETED_DEVICE_FAMILY = "1,2";
			};
			name = Release;
		};
/* End XCBuildConfiguration section */

/* Begin XCConfigurationList section */
		A1C8F7F82011E08A00AD9643 /* Build configuration list for PBXProject "ADHome" */ = {
			isa = XCConfigurationList;
			buildConfigurations = (
				A1C8F8112011E08A00AD9643 /* Debug */,
				A1C8F8122011E08A00AD9643 /* Release */,
			);
			defaultConfigurationIsVisible = 0;
			defaultConfigurationName = Release;
		};
		A1C8F8132011E08A00AD9643 /* Build configuration list for PBXNativeTarget "ADHome" */ = {
			isa = XCConfigurationList;
			buildConfigurations = (
				A1C8F8142011E08A00AD9643 /* Debug */,
				A1C8F8152011E08A00AD9643 /* Release */,
			);
			defaultConfigurationIsVisible = 0;
			defaultConfigurationName = Release;
		};
/* End XCConfigurationList section */
	};
	rootObject = A1C8F7F52011E08A00AD9643 /* Project object */;
}
